{
  "originHash" : "bc7d63c6a0454f952fd8c02d73070265ec77c424db8e9cd9edd4a2d565e038d3",
  "pins" : [
    {
      "identity" : "swift-syntax-xcframeworks",
      "kind" : "remoteSourceControl",
      "location" : "https://github.com/sjavora/swift-syntax-xcframeworks.git",
      "state" : {
        "revision" : "9ee39cc55ade054ed2ec0c6a082476e6d4f074bd",
        "version" : "600.0.1"
      }
    }
  ],
  "version" : 3
}
